// !$*UTF8*$!
{
	archiveVersion = 1;
	classes = {
	};
	objectVersion = 55;
	objects = {

/* Begin PBXBuildFile section */
		C53E2BF62886924600631E43 /* main.swift in Sources */ = {isa = PBXBuildFile; fileRef = C53E2BF52886924600631E43 /* main.swift */; };
		C53E2BF72886936D00631E43 /* 직사각형별찍기.swift in Sources */ = {isa = PBXBuildFile; fileRef = C53E2BEA2886915900631E43 /* 직사각형별찍기.swift */; };
		C53E2BF92886947100631E43 /* x만큼간격이있는n개의숫자.swift in Sources */ = {isa = PBXBuildFile; fileRef = C53E2BF82886947100631E43 /* x만큼간격이있는n개의숫자.swift */; };
		C53E2BFB2886951100631E43 /* 행렬의덧셈.swift in Sources */ = {isa = PBXBuildFile; fileRef = C53E2BFA2886951100631E43 /* 행렬의덧셈.swift */; };
		C53E2BFD2886D35100631E43 /* 핸드폰번호가리기.swift in Sources */ = {isa = PBXBuildFile; fileRef = C53E2BFC2886D35100631E43 /* 핸드폰번호가리기.swift */; };
		C53E2BFF2886E6BA00631E43 /* 하샤드수.swift in Sources */ = {isa = PBXBuildFile; fileRef = C53E2BFE2886E6BA00631E43 /* 하샤드수.swift */; };
		C53E2C012887E1AD00631E43 /* 평균구하기.swift in Sources */ = {isa = PBXBuildFile; fileRef = C53E2C002887E1AD00631E43 /* 평균구하기.swift */; };
		C53E2C0328886D9200631E43 /* 클라츠추측.swift in Sources */ = {isa = PBXBuildFile; fileRef = C53E2C0228886D9200631E43 /* 클라츠추측.swift */; };
		C53E2C0528887A8400631E43 /* 최대공약수와최소공배수.swift in Sources */ = {isa = PBXBuildFile; fileRef = C53E2C0428887A8400631E43 /* 최대공약수와최소공배수.swift */; };
		C53E2C072888C05400631E43 /* 짝수와홀수.swift in Sources */ = {isa = PBXBuildFile; fileRef = C53E2C062888C05400631E43 /* 짝수와홀수.swift */; };
		C53E2C092889050C00631E43 /* 제일작은수제거하기.swift in Sources */ = {isa = PBXBuildFile; fileRef = C53E2C082889050C00631E43 /* 제일작은수제거하기.swift */; };
		C53E2C0B28890C9300631E43 /* 정수제곱근판별.swift in Sources */ = {isa = PBXBuildFile; fileRef = C53E2C0A28890C9300631E43 /* 정수제곱근판별.swift */; };
		C53E2C0D288913B600631E43 /* 내림차순으로배치하기.swift in Sources */ = {isa = PBXBuildFile; fileRef = C53E2C0C288913B600631E43 /* 내림차순으로배치하기.swift */; };
		C53E2C0F288B1BF000631E43 /* 자연수뒤집어배열로만들기.swift in Sources */ = {isa = PBXBuildFile; fileRef = C53E2C0E288B1BEF00631E43 /* 자연수뒤집어배열로만들기.swift */; };
		C53E2C13288B1D5A00631E43 /* N2557.swift in Sources */ = {isa = PBXBuildFile; fileRef = C53E2C12288B1D5A00631E43 /* N2557.swift */; };
		C53E2C15288B1D9D00631E43 /* N10718.swift in Sources */ = {isa = PBXBuildFile; fileRef = C53E2C14288B1D9D00631E43 /* N10718.swift */; };
		C53E2C17288B1DEF00631E43 /* N10171.swift in Sources */ = {isa = PBXBuildFile; fileRef = C53E2C16288B1DEF00631E43 /* N10171.swift */; };
		C53E2C19288B1E2400631E43 /* N10172.swift in Sources */ = {isa = PBXBuildFile; fileRef = C53E2C18288B1E2400631E43 /* N10172.swift */; };
		C53E2C1B288B1E5000631E43 /* N1000.swift in Sources */ = {isa = PBXBuildFile; fileRef = C53E2C1A288B1E5000631E43 /* N1000.swift */; };
		C53E2C1D288B1E9600631E43 /* N1001.swift in Sources */ = {isa = PBXBuildFile; fileRef = C53E2C1C288B1E9600631E43 /* N1001.swift */; };
		C53E2C1F288B1EDB00631E43 /* N10998.swift in Sources */ = {isa = PBXBuildFile; fileRef = C53E2C1E288B1EDB00631E43 /* N10998.swift */; };
		C53E2C21288B1F6700631E43 /* N1008.swift in Sources */ = {isa = PBXBuildFile; fileRef = C53E2C20288B1F6700631E43 /* N1008.swift */; };
		C53E2C23288B1F9D00631E43 /* N10869.swift in Sources */ = {isa = PBXBuildFile; fileRef = C53E2C22288B1F9D00631E43 /* N10869.swift */; };
		C53E2C25288B1FD400631E43 /* N10926.swift in Sources */ = {isa = PBXBuildFile; fileRef = C53E2C24288B1FD400631E43 /* N10926.swift */; };
		C53E2C27288B202C00631E43 /* N18108.swift in Sources */ = {isa = PBXBuildFile; fileRef = C53E2C26288B202C00631E43 /* N18108.swift */; };
		C53E2C29288B207200631E43 /* N10430.swift in Sources */ = {isa = PBXBuildFile; fileRef = C53E2C28288B207200631E43 /* N10430.swift */; };
		C53E2C2B288B20A900631E43 /* N2588.swift in Sources */ = {isa = PBXBuildFile; fileRef = C53E2C2A288B20A900631E43 /* N2588.swift */; };
		C53E2C2D288B210100631E43 /* N25083.swift in Sources */ = {isa = PBXBuildFile; fileRef = C53E2C2C288B210100631E43 /* N25083.swift */; };
		C53E2C30288B21C800631E43 /* N1330.swift in Sources */ = {isa = PBXBuildFile; fileRef = C53E2C2F288B21C800631E43 /* N1330.swift */; };
		C53E2C32288B221F00631E43 /* N9498.swift in Sources */ = {isa = PBXBuildFile; fileRef = C53E2C31288B221F00631E43 /* N9498.swift */; };
		C53E2C34288B22A700631E43 /* N2753.swift in Sources */ = {isa = PBXBuildFile; fileRef = C53E2C33288B22A700631E43 /* N2753.swift */; };
		C53E2C36288B22EA00631E43 /* N14681.swift in Sources */ = {isa = PBXBuildFile; fileRef = C53E2C35288B22EA00631E43 /* N14681.swift */; };
		C53E2C38288B236800631E43 /* N2884.swift in Sources */ = {isa = PBXBuildFile; fileRef = C53E2C37288B236800631E43 /* N2884.swift */; };
		C53E2C3A288B23BA00631E43 /* N2525.swift in Sources */ = {isa = PBXBuildFile; fileRef = C53E2C39288B23BA00631E43 /* N2525.swift */; };
		C53E2C3C288B240300631E43 /* N2480.swift in Sources */ = {isa = PBXBuildFile; fileRef = C53E2C3B288B240300631E43 /* N2480.swift */; };
		C53E2C3E288B26AA00631E43 /* 자릿수더하기.swift in Sources */ = {isa = PBXBuildFile; fileRef = C53E2C3D288B26AA00631E43 /* 자릿수더하기.swift */; };
		C53E2C5F289400AF00631E43 /* N10818.swift in Sources */ = {isa = PBXBuildFile; fileRef = C53E2C5E289400AF00631E43 /* N10818.swift */; };
		C53E2C8128960D6700631E43 /* 이상한문자만들기.swift in Sources */ = {isa = PBXBuildFile; fileRef = C53E2C8028960D6700631E43 /* 이상한문자만들기.swift */; };
		C53E2C8328964BAF00631E43 /* 약수의합.swift in Sources */ = {isa = PBXBuildFile; fileRef = C53E2C8228964BAF00631E43 /* 약수의합.swift */; };
		C53E2C852896523A00631E43 /* 시저암호.swift in Sources */ = {isa = PBXBuildFile; fileRef = C53E2C842896523A00631E43 /* 시저암호.swift */; };
		C59954542898051C00D0D617 /* N2739.swift in Sources */ = {isa = PBXBuildFile; fileRef = C59954532898051C00D0D617 /* N2739.swift */; };
		C59954562898057200D0D617 /* N10950.swift in Sources */ = {isa = PBXBuildFile; fileRef = C59954552898057200D0D617 /* N10950.swift */; };
		C5995458289805C300D0D617 /* N8393.swift in Sources */ = {isa = PBXBuildFile; fileRef = C5995457289805C300D0D617 /* N8393.swift */; };
		C599545A2898060400D0D617 /* N2562.swift in Sources */ = {isa = PBXBuildFile; fileRef = C59954592898060400D0D617 /* N2562.swift */; };
		C599545C2898061100D0D617 /* N2577.swift in Sources */ = {isa = PBXBuildFile; fileRef = C599545B2898061100D0D617 /* N2577.swift */; };
		C599545E2898061800D0D617 /* N3052.swift in Sources */ = {isa = PBXBuildFile; fileRef = C599545D2898061800D0D617 /* N3052.swift */; };
		C59954602898061F00D0D617 /* N1546.swift in Sources */ = {isa = PBXBuildFile; fileRef = C599545F2898061F00D0D617 /* N1546.swift */; };
		C5995462289812CB00D0D617 /* 문자열을정수로바꾸기.swift in Sources */ = {isa = PBXBuildFile; fileRef = C5995461289812CB00D0D617 /* 문자열을정수로바꾸기.swift */; };
		C5995464289814C300D0D617 /* 수박수박수.swift in Sources */ = {isa = PBXBuildFile; fileRef = C5995463289814C300D0D617 /* 수박수박수.swift */; };
/* End PBXBuildFile section */

/* Begin PBXCopyFilesBuildPhase section */
		C53E2BE52886915900631E43 /* CopyFiles */ = {
			isa = PBXCopyFilesBuildPhase;
			buildActionMask = 2147483647;
			dstPath = /usr/share/man/man1/;
			dstSubfolderSpec = 0;
			files = (
			);
			runOnlyForDeploymentPostprocessing = 1;
		};
/* End PBXCopyFilesBuildPhase section */

/* Begin PBXFileReference section */
		C528833E293664F60065FFB6 /* 음양더하기.playground */ = {isa = PBXFileReference; lastKnownFileType = file.playground; path = "음양더하기.playground"; sourceTree = "<group>"; xcLanguageSpecificationIdentifier = xcode.lang.swift; };
		C53E2BE72886915900631E43 /* SwiftAlgorithm */ = {isa = PBXFileReference; explicitFileType = "compiled.mach-o.executable"; includeInIndex = 0; path = SwiftAlgorithm; sourceTree = BUILT_PRODUCTS_DIR; };
		C53E2BEA2886915900631E43 /* 직사각형별찍기.swift */ = {isa = PBXFileReference; lastKnownFileType = sourcecode.swift; path = "직사각형별찍기.swift"; sourceTree = "<group>"; };
		C53E2BF52886924600631E43 /* main.swift */ = {isa = PBXFileReference; lastKnownFileType = sourcecode.swift; path = main.swift; sourceTree = "<group>"; };
		C53E2BF82886947100631E43 /* x만큼간격이있는n개의숫자.swift */ = {isa = PBXFileReference; lastKnownFileType = sourcecode.swift; path = "x만큼간격이있는n개의숫자.swift"; sourceTree = "<group>"; };
		C53E2BFA2886951100631E43 /* 행렬의덧셈.swift */ = {isa = PBXFileReference; lastKnownFileType = sourcecode.swift; path = "행렬의덧셈.swift"; sourceTree = "<group>"; };
		C53E2BFC2886D35100631E43 /* 핸드폰번호가리기.swift */ = {isa = PBXFileReference; lastKnownFileType = sourcecode.swift; path = "핸드폰번호가리기.swift"; sourceTree = "<group>"; };
		C53E2BFE2886E6BA00631E43 /* 하샤드수.swift */ = {isa = PBXFileReference; lastKnownFileType = sourcecode.swift; path = "하샤드수.swift"; sourceTree = "<group>"; };
		C53E2C002887E1AD00631E43 /* 평균구하기.swift */ = {isa = PBXFileReference; lastKnownFileType = sourcecode.swift; path = "평균구하기.swift"; sourceTree = "<group>"; };
		C53E2C0228886D9200631E43 /* 클라츠추측.swift */ = {isa = PBXFileReference; lastKnownFileType = sourcecode.swift; path = "클라츠추측.swift"; sourceTree = "<group>"; };
		C53E2C0428887A8400631E43 /* 최대공약수와최소공배수.swift */ = {isa = PBXFileReference; lastKnownFileType = sourcecode.swift; path = "최대공약수와최소공배수.swift"; sourceTree = "<group>"; };
		C53E2C062888C05400631E43 /* 짝수와홀수.swift */ = {isa = PBXFileReference; lastKnownFileType = sourcecode.swift; path = "짝수와홀수.swift"; sourceTree = "<group>"; };
		C53E2C082889050C00631E43 /* 제일작은수제거하기.swift */ = {isa = PBXFileReference; lastKnownFileType = sourcecode.swift; path = "제일작은수제거하기.swift"; sourceTree = "<group>"; };
		C53E2C0A28890C9300631E43 /* 정수제곱근판별.swift */ = {isa = PBXFileReference; lastKnownFileType = sourcecode.swift; path = "정수제곱근판별.swift"; sourceTree = "<group>"; };
		C53E2C0C288913B600631E43 /* 내림차순으로배치하기.swift */ = {isa = PBXFileReference; lastKnownFileType = sourcecode.swift; path = "내림차순으로배치하기.swift"; sourceTree = "<group>"; };
		C53E2C0E288B1BEF00631E43 /* 자연수뒤집어배열로만들기.swift */ = {isa = PBXFileReference; lastKnownFileType = sourcecode.swift; path = "자연수뒤집어배열로만들기.swift"; sourceTree = "<group>"; };
		C53E2C12288B1D5A00631E43 /* N2557.swift */ = {isa = PBXFileReference; lastKnownFileType = sourcecode.swift; path = N2557.swift; sourceTree = "<group>"; };
		C53E2C14288B1D9D00631E43 /* N10718.swift */ = {isa = PBXFileReference; lastKnownFileType = sourcecode.swift; path = N10718.swift; sourceTree = "<group>"; };
		C53E2C16288B1DEF00631E43 /* N10171.swift */ = {isa = PBXFileReference; lastKnownFileType = sourcecode.swift; path = N10171.swift; sourceTree = "<group>"; };
		C53E2C18288B1E2400631E43 /* N10172.swift */ = {isa = PBXFileReference; lastKnownFileType = sourcecode.swift; path = N10172.swift; sourceTree = "<group>"; };
		C53E2C1A288B1E5000631E43 /* N1000.swift */ = {isa = PBXFileReference; lastKnownFileType = sourcecode.swift; path = N1000.swift; sourceTree = "<group>"; };
		C53E2C1C288B1E9600631E43 /* N1001.swift */ = {isa = PBXFileReference; lastKnownFileType = sourcecode.swift; path = N1001.swift; sourceTree = "<group>"; };
		C53E2C1E288B1EDB00631E43 /* N10998.swift */ = {isa = PBXFileReference; lastKnownFileType = sourcecode.swift; path = N10998.swift; sourceTree = "<group>"; };
		C53E2C20288B1F6700631E43 /* N1008.swift */ = {isa = PBXFileReference; lastKnownFileType = sourcecode.swift; path = N1008.swift; sourceTree = "<group>"; };
		C53E2C22288B1F9D00631E43 /* N10869.swift */ = {isa = PBXFileReference; lastKnownFileType = sourcecode.swift; path = N10869.swift; sourceTree = "<group>"; };
		C53E2C24288B1FD400631E43 /* N10926.swift */ = {isa = PBXFileReference; lastKnownFileType = sourcecode.swift; path = N10926.swift; sourceTree = "<group>"; };
		C53E2C26288B202C00631E43 /* N18108.swift */ = {isa = PBXFileReference; lastKnownFileType = sourcecode.swift; path = N18108.swift; sourceTree = "<group>"; };
		C53E2C28288B207200631E43 /* N10430.swift */ = {isa = PBXFileReference; lastKnownFileType = sourcecode.swift; path = N10430.swift; sourceTree = "<group>"; };
		C53E2C2A288B20A900631E43 /* N2588.swift */ = {isa = PBXFileReference; lastKnownFileType = sourcecode.swift; path = N2588.swift; sourceTree = "<group>"; };
		C53E2C2C288B210100631E43 /* N25083.swift */ = {isa = PBXFileReference; lastKnownFileType = sourcecode.swift; path = N25083.swift; sourceTree = "<group>"; };
		C53E2C2F288B21C800631E43 /* N1330.swift */ = {isa = PBXFileReference; lastKnownFileType = sourcecode.swift; path = N1330.swift; sourceTree = "<group>"; };
		C53E2C31288B221F00631E43 /* N9498.swift */ = {isa = PBXFileReference; lastKnownFileType = sourcecode.swift; path = N9498.swift; sourceTree = "<group>"; };
		C53E2C33288B22A700631E43 /* N2753.swift */ = {isa = PBXFileReference; lastKnownFileType = sourcecode.swift; path = N2753.swift; sourceTree = "<group>"; };
		C53E2C35288B22EA00631E43 /* N14681.swift */ = {isa = PBXFileReference; lastKnownFileType = sourcecode.swift; path = N14681.swift; sourceTree = "<group>"; };
		C53E2C37288B236800631E43 /* N2884.swift */ = {isa = PBXFileReference; lastKnownFileType = sourcecode.swift; path = N2884.swift; sourceTree = "<group>"; };
		C53E2C39288B23BA00631E43 /* N2525.swift */ = {isa = PBXFileReference; lastKnownFileType = sourcecode.swift; path = N2525.swift; sourceTree = "<group>"; };
		C53E2C3B288B240300631E43 /* N2480.swift */ = {isa = PBXFileReference; lastKnownFileType = sourcecode.swift; path = N2480.swift; sourceTree = "<group>"; };
		C53E2C3D288B26AA00631E43 /* 자릿수더하기.swift */ = {isa = PBXFileReference; lastKnownFileType = sourcecode.swift; path = "자릿수더하기.swift"; sourceTree = "<group>"; };
		C53E2C5E289400AF00631E43 /* N10818.swift */ = {isa = PBXFileReference; lastKnownFileType = sourcecode.swift; path = N10818.swift; sourceTree = "<group>"; };
		C53E2C8028960D6700631E43 /* 이상한문자만들기.swift */ = {isa = PBXFileReference; lastKnownFileType = sourcecode.swift; path = "이상한문자만들기.swift"; sourceTree = "<group>"; };
		C53E2C8228964BAF00631E43 /* 약수의합.swift */ = {isa = PBXFileReference; lastKnownFileType = sourcecode.swift; path = "약수의합.swift"; sourceTree = "<group>"; };
		C53E2C842896523A00631E43 /* 시저암호.swift */ = {isa = PBXFileReference; lastKnownFileType = sourcecode.swift; path = "시저암호.swift"; sourceTree = "<group>"; };
		C56F2D9929390853007C441E /* 나누어떨어지는숫자배열.playground */ = {isa = PBXFileReference; lastKnownFileType = file.playground; path = "나누어떨어지는숫자배열.playground"; sourceTree = "<group>"; xcLanguageSpecificationIdentifier = xcode.lang.swift; };
		C56F2D9A29390F7B007C441E /* 없는숫자더하기.playground */ = {isa = PBXFileReference; lastKnownFileType = file.playground; path = "없는숫자더하기.playground"; sourceTree = "<group>"; xcLanguageSpecificationIdentifier = xcode.lang.swift; };
		C56F2D9B29391088007C441E /* 가운데글자가져오기.playground */ = {isa = PBXFileReference; lastKnownFileType = file.playground; path = "가운데글자가져오기.playground"; sourceTree = "<group>"; xcLanguageSpecificationIdentifier = xcode.lang.swift; };
		C56F2D9C293915B0007C441E /* 내적.playground */ = {isa = PBXFileReference; lastKnownFileType = file.playground; path = "내적.playground"; sourceTree = "<group>"; xcLanguageSpecificationIdentifier = xcode.lang.swift; };
		C56F2D9D29391830007C441E /* 문자열내림차순으로배치하기.playground */ = {isa = PBXFileReference; lastKnownFileType = file.playground; path = "문자열내림차순으로배치하기.playground"; sourceTree = "<group>"; xcLanguageSpecificationIdentifier = xcode.lang.swift; };
		C56F2D9E29391AB1007C441E /* 문자열다루기기본.playground */ = {isa = PBXFileReference; lastKnownFileType = file.playground; path = "문자열다루기기본.playground"; sourceTree = "<group>"; xcLanguageSpecificationIdentifier = xcode.lang.swift; };
		C56F2D9F2939257A007C441E /* 약수의개수와덧셈.playground */ = {isa = PBXFileReference; lastKnownFileType = file.playground; path = "약수의개수와덧셈.playground"; sourceTree = "<group>"; xcLanguageSpecificationIdentifier = xcode.lang.swift; };
		C56F2DA029393A66007C441E /* 부족한금액계산하기.playground */ = {isa = PBXFileReference; lastKnownFileType = file.playground; path = "부족한금액계산하기.playground"; sourceTree = "<group>"; xcLanguageSpecificationIdentifier = xcode.lang.swift; };
		C56F2DA1293972E8007C441E /* 진법3뒤집기.playground */ = {isa = PBXFileReference; lastKnownFileType = file.playground; path = "진법3뒤집기.playground"; sourceTree = "<group>"; xcLanguageSpecificationIdentifier = xcode.lang.swift; };
		C56F2DA229397B24007C441E /* 예산.playground */ = {isa = PBXFileReference; lastKnownFileType = file.playground; path = "예산.playground"; sourceTree = "<group>"; xcLanguageSpecificationIdentifier = xcode.lang.swift; };
		C58D8227293DE08A00452E65 /* 최소직사각형.playground */ = {isa = PBXFileReference; lastKnownFileType = file.playground; path = "최소직사각형.playground"; sourceTree = "<group>"; xcLanguageSpecificationIdentifier = xcode.lang.swift; };
		C58D8228293DED3F00452E65 /* 비밀지도.playground */ = {isa = PBXFileReference; lastKnownFileType = file.playground; path = "비밀지도.playground"; sourceTree = "<group>"; xcLanguageSpecificationIdentifier = xcode.lang.swift; };
		C58D82292940904000452E65 /* 문자열내마음대로정렬하기.playground */ = {isa = PBXFileReference; lastKnownFileType = file.playground; path = "문자열내마음대로정렬하기.playground"; sourceTree = "<group>"; xcLanguageSpecificationIdentifier = xcode.lang.swift; };
		C58D822A2940AD5E00452E65 /* 삼총사.playground */ = {isa = PBXFileReference; lastKnownFileType = file.playground; path = "삼총사.playground"; sourceTree = "<group>"; xcLanguageSpecificationIdentifier = xcode.lang.swift; };
		C58D822B2941282700452E65 /* 기사단원의무기.playground */ = {isa = PBXFileReference; lastKnownFileType = file.playground; path = "기사단원의무기.playground"; sourceTree = "<group>"; xcLanguageSpecificationIdentifier = xcode.lang.swift; };
		C58D822C2942B06500452E65 /* 두개뽑아서더하기.playground */ = {isa = PBXFileReference; lastKnownFileType = file.playground; path = "두개뽑아서더하기.playground"; sourceTree = "<group>"; xcLanguageSpecificationIdentifier = xcode.lang.swift; };
		C58D822D2942D79000452E65 /* 윤년2016.playground */ = {isa = PBXFileReference; lastKnownFileType = file.playground; path = "윤년2016.playground"; sourceTree = "<group>"; xcLanguageSpecificationIdentifier = xcode.lang.swift; };
		C58E3DAA291E4403005606E7 /* 문자열정렬하기2.playground */ = {isa = PBXFileReference; lastKnownFileType = file.playground; path = "문자열정렬하기2.playground"; sourceTree = "<group>"; xcLanguageSpecificationIdentifier = xcode.lang.swift; };
		C58E3DAB291E466B005606E7 /* 주사위의개수.playground */ = {isa = PBXFileReference; lastKnownFileType = file.playground; path = "주사위의개수.playground"; sourceTree = "<group>"; xcLanguageSpecificationIdentifier = xcode.lang.swift; };
		C58E3DAC291E4750005606E7 /* 숫자찾기.playground */ = {isa = PBXFileReference; lastKnownFileType = file.playground; path = "숫자찾기.playground"; sourceTree = "<group>"; xcLanguageSpecificationIdentifier = xcode.lang.swift; };
		C58E3DAD291E5A0F005606E7 /* 외계행성의나이.playground */ = {isa = PBXFileReference; lastKnownFileType = file.playground; path = "외계행성의나이.playground"; sourceTree = "<group>"; xcLanguageSpecificationIdentifier = xcode.lang.swift; };
		C58E3DAE291E689C005606E7 /* 암호해독.playground */ = {isa = PBXFileReference; lastKnownFileType = file.playground; path = "암호해독.playground"; sourceTree = "<group>"; xcLanguageSpecificationIdentifier = xcode.lang.swift; };
		C58E3DAF291E6DC8005606E7 /* 인덱스바꾸기.playground */ = {isa = PBXFileReference; lastKnownFileType = file.playground; path = "인덱스바꾸기.playground"; sourceTree = "<group>"; xcLanguageSpecificationIdentifier = xcode.lang.swift; };
		C59954532898051C00D0D617 /* N2739.swift */ = {isa = PBXFileReference; lastKnownFileType = sourcecode.swift; path = N2739.swift; sourceTree = "<group>"; };
		C59954552898057200D0D617 /* N10950.swift */ = {isa = PBXFileReference; lastKnownFileType = sourcecode.swift; path = N10950.swift; sourceTree = "<group>"; };
		C5995457289805C300D0D617 /* N8393.swift */ = {isa = PBXFileReference; lastKnownFileType = sourcecode.swift; path = N8393.swift; sourceTree = "<group>"; };
		C59954592898060400D0D617 /* N2562.swift */ = {isa = PBXFileReference; lastKnownFileType = sourcecode.swift; path = N2562.swift; sourceTree = "<group>"; };
		C599545B2898061100D0D617 /* N2577.swift */ = {isa = PBXFileReference; lastKnownFileType = sourcecode.swift; path = N2577.swift; sourceTree = "<group>"; };
		C599545D2898061800D0D617 /* N3052.swift */ = {isa = PBXFileReference; lastKnownFileType = sourcecode.swift; path = N3052.swift; sourceTree = "<group>"; };
		C599545F2898061F00D0D617 /* N1546.swift */ = {isa = PBXFileReference; lastKnownFileType = sourcecode.swift; path = N1546.swift; sourceTree = "<group>"; };
		C5995461289812CB00D0D617 /* 문자열을정수로바꾸기.swift */ = {isa = PBXFileReference; lastKnownFileType = sourcecode.swift; path = "문자열을정수로바꾸기.swift"; sourceTree = "<group>"; };
		C5995463289814C300D0D617 /* 수박수박수.swift */ = {isa = PBXFileReference; lastKnownFileType = sourcecode.swift; path = "수박수박수.swift"; sourceTree = "<group>"; };
		C59AA73829151C650020DE0C /* 피자나눠먹기3.playground */ = {isa = PBXFileReference; lastKnownFileType = file.playground; path = "피자나눠먹기3.playground"; sourceTree = "<group>"; xcLanguageSpecificationIdentifier = xcode.lang.swift; };
		C59AA73929151CEF0020DE0C /* 최댓값만들기.playground */ = {isa = PBXFileReference; lastKnownFileType = file.playground; path = "최댓값만들기.playground"; sourceTree = "<group>"; xcLanguageSpecificationIdentifier = xcode.lang.swift; };
		C59AA73A29151F010020DE0C /* 점의위치구하기.playground */ = {isa = PBXFileReference; lastKnownFileType = file.playground; path = "점의위치구하기.playground"; sourceTree = "<group>"; xcLanguageSpecificationIdentifier = xcode.lang.swift; };
		C59AA73B29151F5B0020DE0C /* 문자열뒤집기.playground */ = {isa = PBXFileReference; lastKnownFileType = file.playground; path = "문자열뒤집기.playground"; sourceTree = "<group>"; xcLanguageSpecificationIdentifier = xcode.lang.swift; };
		C59AA73C291520350020DE0C /* 배열두배만들기.playground */ = {isa = PBXFileReference; lastKnownFileType = file.playground; path = "배열두배만들기.playground"; sourceTree = "<group>"; xcLanguageSpecificationIdentifier = xcode.lang.swift; };
		C59AA73D291522130020DE0C /* 배열자르기.playground */ = {isa = PBXFileReference; lastKnownFileType = file.playground; path = "배열자르기.playground"; sourceTree = "<group>"; xcLanguageSpecificationIdentifier = xcode.lang.swift; };
		C59AA73E291526F70020DE0C /* 문자열안에문자열.playground */ = {isa = PBXFileReference; lastKnownFileType = file.playground; path = "문자열안에문자열.playground"; sourceTree = "<group>"; xcLanguageSpecificationIdentifier = xcode.lang.swift; };
		C59AA73F29152B0F0020DE0C /* 삼각형의완성조건1.playground */ = {isa = PBXFileReference; lastKnownFileType = file.playground; path = "삼각형의완성조건1.playground"; sourceTree = "<group>"; xcLanguageSpecificationIdentifier = xcode.lang.swift; };
		C59AA74029152BBA0020DE0C /* 아이스아메리카노.playground */ = {isa = PBXFileReference; lastKnownFileType = file.playground; path = "아이스아메리카노.playground"; sourceTree = "<group>"; xcLanguageSpecificationIdentifier = xcode.lang.swift; };
		C59AA74129152C5E0020DE0C /* 제곱수판별하기.playground */ = {isa = PBXFileReference; lastKnownFileType = file.playground; path = "제곱수판별하기.playground"; sourceTree = "<group>"; xcLanguageSpecificationIdentifier = xcode.lang.swift; };
		C59AA742291534CE0020DE0C /* 특정문자제거하기.playground */ = {isa = PBXFileReference; lastKnownFileType = file.playground; path = "특정문자제거하기.playground"; sourceTree = "<group>"; xcLanguageSpecificationIdentifier = xcode.lang.swift; };
		C59AA743291537950020DE0C /* 배열의유사도.playground */ = {isa = PBXFileReference; lastKnownFileType = file.playground; path = "배열의유사도.playground"; sourceTree = "<group>"; xcLanguageSpecificationIdentifier = xcode.lang.swift; };
		C59AA786291806840020DE0C /* 짝수는싫어요.playground */ = {isa = PBXFileReference; lastKnownFileType = file.playground; path = "짝수는싫어요.playground"; sourceTree = "<group>"; xcLanguageSpecificationIdentifier = xcode.lang.swift; };
		C59AA7872918075B0020DE0C /* 자릿수더하기.playground */ = {isa = PBXFileReference; lastKnownFileType = file.playground; path = "자릿수더하기.playground"; sourceTree = "<group>"; xcLanguageSpecificationIdentifier = xcode.lang.swift; };
		C59AA78829180CAC0020DE0C /* 문자반복출력하기.playground */ = {isa = PBXFileReference; lastKnownFileType = file.playground; path = "문자반복출력하기.playground"; sourceTree = "<group>"; xcLanguageSpecificationIdentifier = xcode.lang.swift; };
		C59B0DCB2919728E0049239E /* 순서쌍의개수.playground */ = {isa = PBXFileReference; lastKnownFileType = file.playground; path = "순서쌍의개수.playground"; sourceTree = "<group>"; xcLanguageSpecificationIdentifier = xcode.lang.swift; };
		C59B0DCC291980700049239E /* 세균증식.playground */ = {isa = PBXFileReference; lastKnownFileType = file.playground; path = "세균증식.playground"; sourceTree = "<group>"; xcLanguageSpecificationIdentifier = xcode.lang.swift; };
		C59B0DCD291988080049239E /* 숨어있는숫자의덧셈1.playground */ = {isa = PBXFileReference; lastKnownFileType = file.playground; path = "숨어있는숫자의덧셈1.playground"; sourceTree = "<group>"; xcLanguageSpecificationIdentifier = xcode.lang.swift; };
		C59B0DCE291997940049239E /* 모음제거.playground */ = {isa = PBXFileReference; lastKnownFileType = file.playground; path = "모음제거.playground"; sourceTree = "<group>"; xcLanguageSpecificationIdentifier = xcode.lang.swift; };
		C59B0DD1291A3C300049239E /* 개미군단.playground */ = {isa = PBXFileReference; lastKnownFileType = file.playground; path = "개미군단.playground"; sourceTree = "<group>"; xcLanguageSpecificationIdentifier = xcode.lang.swift; };
		C59B0DD2291A3C740049239E /* 문자열정렬하기1.playground */ = {isa = PBXFileReference; lastKnownFileType = file.playground; path = "문자열정렬하기1.playground"; sourceTree = "<group>"; xcLanguageSpecificationIdentifier = xcode.lang.swift; };
		C59B0DD3291A44990049239E /* 가장큰수찾기.playground */ = {isa = PBXFileReference; lastKnownFileType = file.playground; path = "가장큰수찾기.playground"; sourceTree = "<group>"; xcLanguageSpecificationIdentifier = xcode.lang.swift; };
		C59B0DD4291A507D0049239E /* 직각삼각형출력하기.playground */ = {isa = PBXFileReference; lastKnownFileType = file.playground; path = "직각삼각형출력하기.playground"; sourceTree = "<group>"; xcLanguageSpecificationIdentifier = xcode.lang.swift; };
		C59B0DD5291A554A0049239E /* n의배수고르기.playground */ = {isa = PBXFileReference; lastKnownFileType = file.playground; path = "n의배수고르기.playground"; sourceTree = "<group>"; xcLanguageSpecificationIdentifier = xcode.lang.swift; };
		C59B0DD6291A57EB0049239E /* 대문자와소문자.playground */ = {isa = PBXFileReference; lastKnownFileType = file.playground; path = "대문자와소문자.playground"; sourceTree = "<group>"; xcLanguageSpecificationIdentifier = xcode.lang.swift; };
		C59B0DD7291A5ABC0049239E /* 약수구하기.playground */ = {isa = PBXFileReference; lastKnownFileType = file.playground; path = "약수구하기.playground"; sourceTree = "<group>"; xcLanguageSpecificationIdentifier = xcode.lang.swift; };
		C59B0DD8291A5D420049239E /* 중앙값구하기.playground */ = {isa = PBXFileReference; lastKnownFileType = file.playground; path = "중앙값구하기.playground"; sourceTree = "<group>"; xcLanguageSpecificationIdentifier = xcode.lang.swift; };
		C59B0DD9291A60490049239E /* 가위바위보.playground */ = {isa = PBXFileReference; lastKnownFileType = file.playground; path = "가위바위보.playground"; sourceTree = "<group>"; xcLanguageSpecificationIdentifier = xcode.lang.swift; };
		C59B0DDA291A66DA0049239E /* 피자나눠먹기2.playground */ = {isa = PBXFileReference; lastKnownFileType = file.playground; path = "피자나눠먹기2.playground"; sourceTree = "<group>"; xcLanguageSpecificationIdentifier = xcode.lang.swift; };
		C59EA6A02910CC510031C8A0 /* 중복된숫자개수.playground */ = {isa = PBXFileReference; lastKnownFileType = file.playground; path = "중복된숫자개수.playground"; sourceTree = "<group>"; xcLanguageSpecificationIdentifier = xcode.lang.swift; };
		C59EA6A12910D2A90031C8A0 /* 옹알이.playground */ = {isa = PBXFileReference; lastKnownFileType = file.playground; path = "옹알이.playground"; sourceTree = "<group>"; xcLanguageSpecificationIdentifier = xcode.lang.swift; };
		C59EA6A22910EDBF0031C8A0 /* 평행.playground */ = {isa = PBXFileReference; lastKnownFileType = file.playground; path = "평행.playground"; sourceTree = "<group>"; xcLanguageSpecificationIdentifier = xcode.lang.swift; };
		C59EA6A329112B0F0031C8A0 /* 두수의차.playground */ = {isa = PBXFileReference; lastKnownFileType = file.playground; path = "두수의차.playground"; sourceTree = "<group>"; xcLanguageSpecificationIdentifier = xcode.lang.swift; };
		C59EA6A429112B1D0031C8A0 /* 두수의곱.playground */ = {isa = PBXFileReference; lastKnownFileType = file.playground; path = "두수의곱.playground"; sourceTree = "<group>"; xcLanguageSpecificationIdentifier = xcode.lang.swift; };
		C59EA6A529112B2B0031C8A0 /* 숫자비교.playground */ = {isa = PBXFileReference; lastKnownFileType = file.playground; path = "숫자비교.playground"; sourceTree = "<group>"; xcLanguageSpecificationIdentifier = xcode.lang.swift; };
		C59EA6A629112B860031C8A0 /* 몫구하기.playground */ = {isa = PBXFileReference; lastKnownFileType = file.playground; path = "몫구하기.playground"; sourceTree = "<group>"; xcLanguageSpecificationIdentifier = xcode.lang.swift; };
		C59EA6A729112C3B0031C8A0 /* 나머지구하기.playground */ = {isa = PBXFileReference; lastKnownFileType = file.playground; path = "나머지구하기.playground"; sourceTree = "<group>"; xcLanguageSpecificationIdentifier = xcode.lang.swift; };
		C59EA6A829112CC70031C8A0 /* 나이출력.playground */ = {isa = PBXFileReference; lastKnownFileType = file.playground; path = "나이출력.playground"; sourceTree = "<group>"; xcLanguageSpecificationIdentifier = xcode.lang.swift; };
		C59EA6A929112CE20031C8A0 /* 두수의합.playground */ = {isa = PBXFileReference; lastKnownFileType = file.playground; path = "두수의합.playground"; sourceTree = "<group>"; xcLanguageSpecificationIdentifier = xcode.lang.swift; };
		C59EA6AA29112D6B0031C8A0 /* 각도기.playground */ = {isa = PBXFileReference; lastKnownFileType = file.playground; path = "각도기.playground"; sourceTree = "<group>"; xcLanguageSpecificationIdentifier = xcode.lang.swift; };
		C59EA6AB29112E310031C8A0 /* 짝수의합.playground */ = {isa = PBXFileReference; lastKnownFileType = file.playground; path = "짝수의합.playground"; sourceTree = "<group>"; xcLanguageSpecificationIdentifier = xcode.lang.swift; };
		C59EA6AC2911DAB70031C8A0 /* 양꼬치.playground */ = {isa = PBXFileReference; lastKnownFileType = file.playground; path = "양꼬치.playground"; sourceTree = "<group>"; xcLanguageSpecificationIdentifier = xcode.lang.swift; };
		C59EA6AD2911DBE00031C8A0 /* 배열의평균값.playground */ = {isa = PBXFileReference; lastKnownFileType = file.playground; path = "배열의평균값.playground"; sourceTree = "<group>"; xcLanguageSpecificationIdentifier = xcode.lang.swift; };
		C59EA6AE2911F48C0031C8A0 /* 머쓱이.playground */ = {isa = PBXFileReference; lastKnownFileType = file.playground; path = "머쓱이.playground"; sourceTree = "<group>"; xcLanguageSpecificationIdentifier = xcode.lang.swift; };
		C59EA6AF2911FA4F0031C8A0 /* 편지.playground */ = {isa = PBXFileReference; lastKnownFileType = file.playground; path = "편지.playground"; sourceTree = "<group>"; xcLanguageSpecificationIdentifier = xcode.lang.swift; };
		C59EA6B02911FC220031C8A0 /* 피자나눠먹기1.playground */ = {isa = PBXFileReference; lastKnownFileType = file.playground; path = "피자나눠먹기1.playground"; sourceTree = "<group>"; xcLanguageSpecificationIdentifier = xcode.lang.swift; };
		C59EA6B12911FD8B0031C8A0 /* 짝수홀수개수.playground */ = {isa = PBXFileReference; lastKnownFileType = file.playground; path = "짝수홀수개수.playground"; sourceTree = "<group>"; xcLanguageSpecificationIdentifier = xcode.lang.swift; };
		C5AF6E762928B1CB002BAC87 /* 가까운수찾기.playground */ = {isa = PBXFileReference; lastKnownFileType = file.playground; path = "가까운수찾기.playground"; sourceTree = "<group>"; xcLanguageSpecificationIdentifier = xcode.lang.swift; };
		C5AF6E772928BB0E002BAC87 /* 한번만등장한문자.playground */ = {isa = PBXFileReference; lastKnownFileType = file.playground; path = "한번만등장한문자.playground"; sourceTree = "<group>"; xcLanguageSpecificationIdentifier = xcode.lang.swift; };
		C5AF6E782928C814002BAC87 /* 소인수분해.playground */ = {isa = PBXFileReference; lastKnownFileType = file.playground; path = "소인수분해.playground"; sourceTree = "<group>"; xcLanguageSpecificationIdentifier = xcode.lang.swift; };
		C5AF6E792929D46F002BAC87 /* 이진수더하기.playground */ = {isa = PBXFileReference; lastKnownFileType = file.playground; path = "이진수더하기.playground"; sourceTree = "<group>"; xcLanguageSpecificationIdentifier = xcode.lang.swift; };
		C5AF6E7A2929D671002BAC87 /* 공던지기.playground */ = {isa = PBXFileReference; lastKnownFileType = file.playground; path = "공던지기.playground"; sourceTree = "<group>"; xcLanguageSpecificationIdentifier = xcode.lang.swift; };
		C5AF6E7B292A57F7002BAC87 /* 잘라서배열로저장하기.playground */ = {isa = PBXFileReference; lastKnownFileType = file.playground; path = "잘라서배열로저장하기.playground"; sourceTree = "<group>"; xcLanguageSpecificationIdentifier = xcode.lang.swift; };
		C5AF6E7C292B53DF002BAC87 /* 숨어있는숫자의덧셈.playground */ = {isa = PBXFileReference; lastKnownFileType = file.playground; path = "숨어있는숫자의덧셈.playground"; sourceTree = "<group>"; xcLanguageSpecificationIdentifier = xcode.lang.swift; };
		C5AF6E7D292B5820002BAC87 /* 영어가싫어요.playground */ = {isa = PBXFileReference; lastKnownFileType = file.playground; path = "영어가싫어요.playground"; sourceTree = "<group>"; xcLanguageSpecificationIdentifier = xcode.lang.swift; };
		C5AF6E7E292B5ADC002BAC87 /* 종이자르기.playground */ = {isa = PBXFileReference; lastKnownFileType = file.playground; path = "종이자르기.playground"; sourceTree = "<group>"; xcLanguageSpecificationIdentifier = xcode.lang.swift; };
		C5AF6E7F292B5AF3002BAC87 /* 문자열계산하기.playground */ = {isa = PBXFileReference; lastKnownFileType = file.playground; path = "문자열계산하기.playground"; sourceTree = "<group>"; xcLanguageSpecificationIdentifier = xcode.lang.swift; };
		C5AF6E80292B64A9002BAC87 /* 구슬을나누는경우의수.playground */ = {isa = PBXFileReference; lastKnownFileType = file.playground; path = "구슬을나누는경우의수.playground"; sourceTree = "<group>"; xcLanguageSpecificationIdentifier = xcode.lang.swift; };
		C5AF6E81292B6C9C002BAC87 /* 외계어사전.playground */ = {isa = PBXFileReference; lastKnownFileType = file.playground; path = "외계어사전.playground"; sourceTree = "<group>"; xcLanguageSpecificationIdentifier = xcode.lang.swift; };
		C5AF6E82292C00E9002BAC87 /* 캐릭터의좌표.playground */ = {isa = PBXFileReference; lastKnownFileType = file.playground; path = "캐릭터의좌표.playground"; sourceTree = "<group>"; xcLanguageSpecificationIdentifier = xcode.lang.swift; };
		C5AF6E84292C1658002BAC87 /* 삼각형의완성조건2.playground */ = {isa = PBXFileReference; lastKnownFileType = file.playground; path = "삼각형의완성조건2.playground"; sourceTree = "<group>"; xcLanguageSpecificationIdentifier = xcode.lang.swift; };
		C5AF6E85292C89F0002BAC87 /* 직사각형너비구하기.playground */ = {isa = PBXFileReference; lastKnownFileType = file.playground; path = "직사각형너비구하기.playground"; sourceTree = "<group>"; xcLanguageSpecificationIdentifier = xcode.lang.swift; };
		C5AF6E86292CE2F0002BAC87 /* 문자열밀기.playground */ = {isa = PBXFileReference; lastKnownFileType = file.playground; path = "문자열밀기.playground"; sourceTree = "<group>"; xcLanguageSpecificationIdentifier = xcode.lang.swift; };
		C5AF6E87292DDA43002BAC87 /* 유한소수판별하기.playground */ = {isa = PBXFileReference; lastKnownFileType = file.playground; path = "유한소수판별하기.playground"; sourceTree = "<group>"; xcLanguageSpecificationIdentifier = xcode.lang.swift; };
		C5AF6E88292E000E002BAC87 /* 컨트롤제트.playground */ = {isa = PBXFileReference; lastKnownFileType = file.playground; path = "컨트롤제트.playground"; sourceTree = "<group>"; xcLanguageSpecificationIdentifier = xcode.lang.swift; };
		C5AF6E89292E0D22002BAC87 /* 등수매기기.playground */ = {isa = PBXFileReference; lastKnownFileType = file.playground; path = "등수매기기.playground"; sourceTree = "<group>"; xcLanguageSpecificationIdentifier = xcode.lang.swift; };
		C5AF6E8A292F0186002BAC87 /* 치킨쿠폰.playground */ = {isa = PBXFileReference; lastKnownFileType = file.playground; path = "치킨쿠폰.playground"; sourceTree = "<group>"; xcLanguageSpecificationIdentifier = xcode.lang.swift; };
		C5AF6EF92930A2BC002BAC87 /* 로그인성공.playground */ = {isa = PBXFileReference; lastKnownFileType = file.playground; path = "로그인성공.playground"; sourceTree = "<group>"; xcLanguageSpecificationIdentifier = xcode.lang.swift; };
		C5AF6EFA293234D5002BAC87 /* 저주의숫자3.playground */ = {isa = PBXFileReference; lastKnownFileType = file.playground; path = "저주의숫자3.playground"; sourceTree = "<group>"; xcLanguageSpecificationIdentifier = xcode.lang.swift; };
		C5AF6EFB29324008002BAC87 /* 최빈값구하기.playground */ = {isa = PBXFileReference; lastKnownFileType = file.playground; path = "최빈값구하기.playground"; sourceTree = "<group>"; xcLanguageSpecificationIdentifier = xcode.lang.swift; };
		C5AF6EFC29328F41002BAC87 /* 안전지대.playground */ = {isa = PBXFileReference; lastKnownFileType = file.playground; path = "안전지대.playground"; sourceTree = "<group>"; xcLanguageSpecificationIdentifier = xcode.lang.swift; };
		C5AF6EFD293356A7002BAC87 /* 다항식더하기.playground */ = {isa = PBXFileReference; lastKnownFileType = file.playground; path = "다항식더하기.playground"; sourceTree = "<group>"; xcLanguageSpecificationIdentifier = xcode.lang.swift; };
		C5AF6EFE2933F4F6002BAC87 /* OX퀴즈.playground */ = {isa = PBXFileReference; lastKnownFileType = file.playground; path = "OX퀴즈.playground"; sourceTree = "<group>"; xcLanguageSpecificationIdentifier = xcode.lang.swift; };
		C5AF6EFF2933FE73002BAC87 /* 분수의덧셈.playground */ = {isa = PBXFileReference; lastKnownFileType = file.playground; path = "분수의덧셈.playground"; sourceTree = "<group>"; xcLanguageSpecificationIdentifier = xcode.lang.swift; };
		C5AF6F0029340F42002BAC87 /* 특이한정렬.playground */ = {isa = PBXFileReference; lastKnownFileType = file.playground; path = "특이한정렬.playground"; sourceTree = "<group>"; xcLanguageSpecificationIdentifier = xcode.lang.swift; };
		C5AF6F012934DDCC002BAC87 /* 겹치는선분의길이.playground */ = {isa = PBXFileReference; lastKnownFileType = file.playground; path = "겹치는선분의길이.playground"; sourceTree = "<group>"; xcLanguageSpecificationIdentifier = xcode.lang.swift; };
		C5AF6F0229365604002BAC87 /* 두정수사이의합.playground */ = {isa = PBXFileReference; lastKnownFileType = file.playground; path = "두정수사이의합.playground"; sourceTree = "<group>"; xcLanguageSpecificationIdentifier = xcode.lang.swift; };
		C5C33C88291F9CB700456537 /* 배열회전시키기.playground */ = {isa = PBXFileReference; lastKnownFileType = file.playground; path = "배열회전시키기.playground"; sourceTree = "<group>"; xcLanguageSpecificationIdentifier = xcode.lang.swift; };
		C5C33C89291FA40200456537 /* 최댓값만들기2.playground */ = {isa = PBXFileReference; lastKnownFileType = file.playground; path = "최댓값만들기2.playground"; sourceTree = "<group>"; xcLanguageSpecificationIdentifier = xcode.lang.swift; };
		C5C33C8A291FB34A00456537 /* 게임369.playground */ = {isa = PBXFileReference; lastKnownFileType = file.playground; path = "게임369.playground"; sourceTree = "<group>"; xcLanguageSpecificationIdentifier = xcode.lang.swift; };
		C5C33C8B291FB6B200456537 /* 모스부호.playground */ = {isa = PBXFileReference; lastKnownFileType = file.playground; path = "모스부호.playground"; sourceTree = "<group>"; xcLanguageSpecificationIdentifier = xcode.lang.swift; };
		C5C33C8C2920D4CE00456537 /* 합성수찾기.playground */ = {isa = PBXFileReference; lastKnownFileType = file.playground; path = "합성수찾기.playground"; sourceTree = "<group>"; xcLanguageSpecificationIdentifier = xcode.lang.swift; };
		C5C33C8D2920ED2A00456537 /* 중복문자제거.playground */ = {isa = PBXFileReference; lastKnownFileType = file.playground; path = "중복문자제거.playground"; sourceTree = "<group>"; xcLanguageSpecificationIdentifier = xcode.lang.swift; };
		C5C33C8E2920F26B00456537 /* A로B만들기.playground */ = {isa = PBXFileReference; lastKnownFileType = file.playground; path = "A로B만들기.playground"; sourceTree = "<group>"; xcLanguageSpecificationIdentifier = xcode.lang.swift; };
		C5C33CDA2926433100456537 /* 다음에올숫자.playground */ = {isa = PBXFileReference; lastKnownFileType = file.playground; path = "다음에올숫자.playground"; sourceTree = "<group>"; xcLanguageSpecificationIdentifier = xcode.lang.swift; };
		C5C33CDB2927C42C00456537 /* k의개수.playground */ = {isa = PBXFileReference; lastKnownFileType = file.playground; path = "k의개수.playground"; sourceTree = "<group>"; xcLanguageSpecificationIdentifier = xcode.lang.swift; };
		C5C33CDC2928A2C900456537 /* 두수의나눗셈.playground */ = {isa = PBXFileReference; lastKnownFileType = file.playground; path = "두수의나눗셈.playground"; sourceTree = "<group>"; xcLanguageSpecificationIdentifier = xcode.lang.swift; };
		C5C33CDE2928AA4100456537 /* 팩토리얼.playground */ = {isa = PBXFileReference; lastKnownFileType = file.playground; path = "팩토리얼.playground"; sourceTree = "<group>"; xcLanguageSpecificationIdentifier = xcode.lang.swift; };
/* End PBXFileReference section */

/* Begin PBXFrameworksBuildPhase section */
		C53E2BE42886915900631E43 /* Frameworks */ = {
			isa = PBXFrameworksBuildPhase;
			buildActionMask = 2147483647;
			files = (
			);
			runOnlyForDeploymentPostprocessing = 0;
		};
/* End PBXFrameworksBuildPhase section */

/* Begin PBXGroup section */
		C53E2BDE2886915900631E43 = {
			isa = PBXGroup;
			children = (
				C53E2BF52886924600631E43 /* main.swift */,
				C53E2BE92886915900631E43 /* SwiftAlgorithm */,
				C53E2BE82886915900631E43 /* Products */,
			);
			sourceTree = "<group>";
		};
		C53E2BE82886915900631E43 /* Products */ = {
			isa = PBXGroup;
			children = (
				C53E2BE72886915900631E43 /* SwiftAlgorithm */,
			);
			name = Products;
			sourceTree = "<group>";
		};
		C53E2BE92886915900631E43 /* SwiftAlgorithm */ = {
			isa = PBXGroup;
			children = (
				C53E2C10288B1C4A00631E43 /* BaekJoon */,
				C53E2BF12886917100631E43 /* Programmers */,
			);
			path = SwiftAlgorithm;
			sourceTree = "<group>";
		};
		C53E2BF12886917100631E43 /* Programmers */ = {
			isa = PBXGroup;
			children = (
				C59EA69F2910CC3E0031C8A0 /* Level0 */,
				C53E2BF22886917B00631E43 /* Level1 */,
			);
			path = Programmers;
			sourceTree = "<group>";
		};
		C53E2BF22886917B00631E43 /* Level1 */ = {
			isa = PBXGroup;
			children = (
				C5AF6F0229365604002BAC87 /* 두정수사이의합.playground */,
				C53E2BEA2886915900631E43 /* 직사각형별찍기.swift */,
				C53E2BF82886947100631E43 /* x만큼간격이있는n개의숫자.swift */,
				C53E2BFA2886951100631E43 /* 행렬의덧셈.swift */,
				C53E2BFC2886D35100631E43 /* 핸드폰번호가리기.swift */,
				C53E2BFE2886E6BA00631E43 /* 하샤드수.swift */,
				C53E2C002887E1AD00631E43 /* 평균구하기.swift */,
				C53E2C0228886D9200631E43 /* 클라츠추측.swift */,
				C53E2C0428887A8400631E43 /* 최대공약수와최소공배수.swift */,
				C53E2C062888C05400631E43 /* 짝수와홀수.swift */,
				C53E2C082889050C00631E43 /* 제일작은수제거하기.swift */,
				C53E2C0A28890C9300631E43 /* 정수제곱근판별.swift */,
				C53E2C0C288913B600631E43 /* 내림차순으로배치하기.swift */,
				C53E2C0E288B1BEF00631E43 /* 자연수뒤집어배열로만들기.swift */,
				C53E2C3D288B26AA00631E43 /* 자릿수더하기.swift */,
				C53E2C8028960D6700631E43 /* 이상한문자만들기.swift */,
				C53E2C8228964BAF00631E43 /* 약수의합.swift */,
				C53E2C842896523A00631E43 /* 시저암호.swift */,
				C5995461289812CB00D0D617 /* 문자열을정수로바꾸기.swift */,
				C5995463289814C300D0D617 /* 수박수박수.swift */,
				C528833E293664F60065FFB6 /* 음양더하기.playground */,
				C56F2D9929390853007C441E /* 나누어떨어지는숫자배열.playground */,
				C56F2D9A29390F7B007C441E /* 없는숫자더하기.playground */,
				C56F2D9B29391088007C441E /* 가운데글자가져오기.playground */,
				C56F2D9C293915B0007C441E /* 내적.playground */,
				C56F2D9D29391830007C441E /* 문자열내림차순으로배치하기.playground */,
				C56F2D9E29391AB1007C441E /* 문자열다루기기본.playground */,
				C56F2D9F2939257A007C441E /* 약수의개수와덧셈.playground */,
				C56F2DA029393A66007C441E /* 부족한금액계산하기.playground */,
				C56F2DA1293972E8007C441E /* 진법3뒤집기.playground */,
				C56F2DA229397B24007C441E /* 예산.playground */,
				C58D8227293DE08A00452E65 /* 최소직사각형.playground */,
				C58D8228293DED3F00452E65 /* 비밀지도.playground */,
				C58D82292940904000452E65 /* 문자열내마음대로정렬하기.playground */,
				C58D822A2940AD5E00452E65 /* 삼총사.playground */,
				C58D822B2941282700452E65 /* 기사단원의무기.playground */,
				C58D822C2942B06500452E65 /* 두개뽑아서더하기.playground */,
				C58D822D2942D79000452E65 /* 윤년2016.playground */,
			);
			path = Level1;
			sourceTree = "<group>";
		};
		C53E2C10288B1C4A00631E43 /* BaekJoon */ = {
			isa = PBXGroup;
			children = (
				C53E2C5D289400A100631E43 /* Level4 */,
				C5995452289804CE00D0D617 /* Level3 */,
				C53E2C2E288B21B900631E43 /* Level2 */,
				C53E2C11288B1D3F00631E43 /* Level1 */,
			);
			path = BaekJoon;
			sourceTree = "<group>";
		};
		C53E2C11288B1D3F00631E43 /* Level1 */ = {
			isa = PBXGroup;
			children = (
				C53E2C12288B1D5A00631E43 /* N2557.swift */,
				C53E2C14288B1D9D00631E43 /* N10718.swift */,
				C53E2C16288B1DEF00631E43 /* N10171.swift */,
				C53E2C18288B1E2400631E43 /* N10172.swift */,
				C53E2C1A288B1E5000631E43 /* N1000.swift */,
				C53E2C1C288B1E9600631E43 /* N1001.swift */,
				C53E2C1E288B1EDB00631E43 /* N10998.swift */,
				C53E2C20288B1F6700631E43 /* N1008.swift */,
				C53E2C22288B1F9D00631E43 /* N10869.swift */,
				C53E2C24288B1FD400631E43 /* N10926.swift */,
				C53E2C26288B202C00631E43 /* N18108.swift */,
				C53E2C28288B207200631E43 /* N10430.swift */,
				C53E2C2A288B20A900631E43 /* N2588.swift */,
				C53E2C2C288B210100631E43 /* N25083.swift */,
			);
			path = Level1;
			sourceTree = "<group>";
		};
		C53E2C2E288B21B900631E43 /* Level2 */ = {
			isa = PBXGroup;
			children = (
				C53E2C2F288B21C800631E43 /* N1330.swift */,
				C53E2C31288B221F00631E43 /* N9498.swift */,
				C53E2C33288B22A700631E43 /* N2753.swift */,
				C53E2C35288B22EA00631E43 /* N14681.swift */,
				C53E2C37288B236800631E43 /* N2884.swift */,
				C53E2C39288B23BA00631E43 /* N2525.swift */,
				C53E2C3B288B240300631E43 /* N2480.swift */,
			);
			path = Level2;
			sourceTree = "<group>";
		};
		C53E2C5D289400A100631E43 /* Level4 */ = {
			isa = PBXGroup;
			children = (
				C53E2C5E289400AF00631E43 /* N10818.swift */,
				C59954592898060400D0D617 /* N2562.swift */,
				C599545B2898061100D0D617 /* N2577.swift */,
				C599545D2898061800D0D617 /* N3052.swift */,
				C599545F2898061F00D0D617 /* N1546.swift */,
			);
			path = Level4;
			sourceTree = "<group>";
		};
		C5995452289804CE00D0D617 /* Level3 */ = {
			isa = PBXGroup;
			children = (
				C59954532898051C00D0D617 /* N2739.swift */,
				C59954552898057200D0D617 /* N10950.swift */,
				C5995457289805C300D0D617 /* N8393.swift */,
			);
			path = Level3;
			sourceTree = "<group>";
		};
		C59EA69F2910CC3E0031C8A0 /* Level0 */ = {
			isa = PBXGroup;
			children = (
				C59EA6A02910CC510031C8A0 /* 중복된숫자개수.playground */,
				C59EA6A12910D2A90031C8A0 /* 옹알이.playground */,
				C59EA6A22910EDBF0031C8A0 /* 평행.playground */,
				C59EA6A329112B0F0031C8A0 /* 두수의차.playground */,
				C59EA6A429112B1D0031C8A0 /* 두수의곱.playground */,
				C59EA6A529112B2B0031C8A0 /* 숫자비교.playground */,
				C59EA6A629112B860031C8A0 /* 몫구하기.playground */,
				C59EA6A729112C3B0031C8A0 /* 나머지구하기.playground */,
				C59EA6A829112CC70031C8A0 /* 나이출력.playground */,
				C59EA6A929112CE20031C8A0 /* 두수의합.playground */,
				C59EA6AA29112D6B0031C8A0 /* 각도기.playground */,
				C59EA6AB29112E310031C8A0 /* 짝수의합.playground */,
				C59EA6AC2911DAB70031C8A0 /* 양꼬치.playground */,
				C59EA6AD2911DBE00031C8A0 /* 배열의평균값.playground */,
				C59EA6AE2911F48C0031C8A0 /* 머쓱이.playground */,
				C59EA6AF2911FA4F0031C8A0 /* 편지.playground */,
				C59EA6B02911FC220031C8A0 /* 피자나눠먹기1.playground */,
				C59EA6B12911FD8B0031C8A0 /* 짝수홀수개수.playground */,
				C59AA73829151C650020DE0C /* 피자나눠먹기3.playground */,
				C59AA73929151CEF0020DE0C /* 최댓값만들기.playground */,
				C59AA73A29151F010020DE0C /* 점의위치구하기.playground */,
				C59AA73B29151F5B0020DE0C /* 문자열뒤집기.playground */,
				C59AA73C291520350020DE0C /* 배열두배만들기.playground */,
				C59AA73D291522130020DE0C /* 배열자르기.playground */,
				C59AA73E291526F70020DE0C /* 문자열안에문자열.playground */,
				C59AA73F29152B0F0020DE0C /* 삼각형의완성조건1.playground */,
				C59AA74029152BBA0020DE0C /* 아이스아메리카노.playground */,
				C59AA74129152C5E0020DE0C /* 제곱수판별하기.playground */,
				C59AA742291534CE0020DE0C /* 특정문자제거하기.playground */,
				C59AA743291537950020DE0C /* 배열의유사도.playground */,
				C59AA786291806840020DE0C /* 짝수는싫어요.playground */,
				C59AA7872918075B0020DE0C /* 자릿수더하기.playground */,
				C59AA78829180CAC0020DE0C /* 문자반복출력하기.playground */,
				C59B0DCB2919728E0049239E /* 순서쌍의개수.playground */,
				C59B0DCC291980700049239E /* 세균증식.playground */,
				C59B0DCD291988080049239E /* 숨어있는숫자의덧셈1.playground */,
				C59B0DCE291997940049239E /* 모음제거.playground */,
				C59B0DD1291A3C300049239E /* 개미군단.playground */,
				C59B0DD2291A3C740049239E /* 문자열정렬하기1.playground */,
				C59B0DD3291A44990049239E /* 가장큰수찾기.playground */,
				C59B0DD4291A507D0049239E /* 직각삼각형출력하기.playground */,
				C59B0DD5291A554A0049239E /* n의배수고르기.playground */,
				C59B0DD6291A57EB0049239E /* 대문자와소문자.playground */,
				C59B0DD7291A5ABC0049239E /* 약수구하기.playground */,
				C59B0DD8291A5D420049239E /* 중앙값구하기.playground */,
				C59B0DD9291A60490049239E /* 가위바위보.playground */,
				C59B0DDA291A66DA0049239E /* 피자나눠먹기2.playground */,
				C58E3DAA291E4403005606E7 /* 문자열정렬하기2.playground */,
				C58E3DAB291E466B005606E7 /* 주사위의개수.playground */,
				C58E3DAC291E4750005606E7 /* 숫자찾기.playground */,
				C58E3DAD291E5A0F005606E7 /* 외계행성의나이.playground */,
				C58E3DAE291E689C005606E7 /* 암호해독.playground */,
				C58E3DAF291E6DC8005606E7 /* 인덱스바꾸기.playground */,
				C5C33C88291F9CB700456537 /* 배열회전시키기.playground */,
				C5C33C89291FA40200456537 /* 최댓값만들기2.playground */,
				C5C33C8A291FB34A00456537 /* 게임369.playground */,
				C5C33C8B291FB6B200456537 /* 모스부호.playground */,
				C5C33C8C2920D4CE00456537 /* 합성수찾기.playground */,
				C5C33C8D2920ED2A00456537 /* 중복문자제거.playground */,
				C5C33C8E2920F26B00456537 /* A로B만들기.playground */,
				C5C33CDA2926433100456537 /* 다음에올숫자.playground */,
				C5C33CDB2927C42C00456537 /* k의개수.playground */,
				C5C33CDC2928A2C900456537 /* 두수의나눗셈.playground */,
				C5C33CDE2928AA4100456537 /* 팩토리얼.playground */,
				C5AF6E762928B1CB002BAC87 /* 가까운수찾기.playground */,
				C5AF6E772928BB0E002BAC87 /* 한번만등장한문자.playground */,
				C5AF6E782928C814002BAC87 /* 소인수분해.playground */,
				C5AF6E792929D46F002BAC87 /* 이진수더하기.playground */,
				C5AF6E7A2929D671002BAC87 /* 공던지기.playground */,
				C5AF6E7B292A57F7002BAC87 /* 잘라서배열로저장하기.playground */,
				C5AF6E7C292B53DF002BAC87 /* 숨어있는숫자의덧셈.playground */,
				C5AF6E7D292B5820002BAC87 /* 영어가싫어요.playground */,
				C5AF6E7E292B5ADC002BAC87 /* 종이자르기.playground */,
				C5AF6E7F292B5AF3002BAC87 /* 문자열계산하기.playground */,
				C5AF6E80292B64A9002BAC87 /* 구슬을나누는경우의수.playground */,
				C5AF6E81292B6C9C002BAC87 /* 외계어사전.playground */,
				C5AF6E82292C00E9002BAC87 /* 캐릭터의좌표.playground */,
				C5AF6E84292C1658002BAC87 /* 삼각형의완성조건2.playground */,
				C5AF6E85292C89F0002BAC87 /* 직사각형너비구하기.playground */,
				C5AF6E86292CE2F0002BAC87 /* 문자열밀기.playground */,
				C5AF6E87292DDA43002BAC87 /* 유한소수판별하기.playground */,
				C5AF6E88292E000E002BAC87 /* 컨트롤제트.playground */,
				C5AF6E89292E0D22002BAC87 /* 등수매기기.playground */,
				C5AF6E8A292F0186002BAC87 /* 치킨쿠폰.playground */,
				C5AF6EF92930A2BC002BAC87 /* 로그인성공.playground */,
				C5AF6EFA293234D5002BAC87 /* 저주의숫자3.playground */,
				C5AF6EFB29324008002BAC87 /* 최빈값구하기.playground */,
				C5AF6EFC29328F41002BAC87 /* 안전지대.playground */,
				C5AF6EFD293356A7002BAC87 /* 다항식더하기.playground */,
				C5AF6EFE2933F4F6002BAC87 /* OX퀴즈.playground */,
				C5AF6EFF2933FE73002BAC87 /* 분수의덧셈.playground */,
				C5AF6F0029340F42002BAC87 /* 특이한정렬.playground */,
				C5AF6F012934DDCC002BAC87 /* 겹치는선분의길이.playground */,
			);
			path = Level0;
			sourceTree = "<group>";
		};
/* End PBXGroup section */

/* Begin PBXNativeTarget section */
		C53E2BE62886915900631E43 /* SwiftAlgorithm */ = {
			isa = PBXNativeTarget;
			buildConfigurationList = C53E2BEE2886915900631E43 /* Build configuration list for PBXNativeTarget "SwiftAlgorithm" */;
			buildPhases = (
				C53E2BE32886915900631E43 /* Sources */,
				C53E2BE42886915900631E43 /* Frameworks */,
				C53E2BE52886915900631E43 /* CopyFiles */,
			);
			buildRules = (
			);
			dependencies = (
			);
			name = SwiftAlgorithm;
			productName = SwiftAlgorithm;
			productReference = C53E2BE72886915900631E43 /* SwiftAlgorithm */;
			productType = "com.apple.product-type.tool";
		};
/* End PBXNativeTarget section */

/* Begin PBXProject section */
		C53E2BDF2886915900631E43 /* Project object */ = {
			isa = PBXProject;
			attributes = {
				BuildIndependentTargetsInParallel = 1;
				LastSwiftUpdateCheck = 1320;
				LastUpgradeCheck = 1320;
				TargetAttributes = {
					C53E2BE62886915900631E43 = {
						CreatedOnToolsVersion = 13.2.1;
					};
				};
			};
			buildConfigurationList = C53E2BE22886915900631E43 /* Build configuration list for PBXProject "SwiftAlgorithm" */;
			compatibilityVersion = "Xcode 13.0";
			developmentRegion = en;
			hasScannedForEncodings = 0;
			knownRegions = (
				en,
				Base,
			);
			mainGroup = C53E2BDE2886915900631E43;
			productRefGroup = C53E2BE82886915900631E43 /* Products */;
			projectDirPath = "";
			projectRoot = "";
			targets = (
				C53E2BE62886915900631E43 /* SwiftAlgorithm */,
			);
		};
/* End PBXProject section */

/* Begin PBXSourcesBuildPhase section */
		C53E2BE32886915900631E43 /* Sources */ = {
			isa = PBXSourcesBuildPhase;
			buildActionMask = 2147483647;
			files = (
				C53E2BFD2886D35100631E43 /* 핸드폰번호가리기.swift in Sources */,
				C53E2BFF2886E6BA00631E43 /* 하샤드수.swift in Sources */,
				C53E2C3A288B23BA00631E43 /* N2525.swift in Sources */,
				C5995458289805C300D0D617 /* N8393.swift in Sources */,
				C53E2C1D288B1E9600631E43 /* N1001.swift in Sources */,
				C53E2C23288B1F9D00631E43 /* N10869.swift in Sources */,
				C53E2C21288B1F6700631E43 /* N1008.swift in Sources */,
				C53E2C1B288B1E5000631E43 /* N1000.swift in Sources */,
				C53E2C2B288B20A900631E43 /* N2588.swift in Sources */,
				C53E2C0328886D9200631E43 /* 클라츠추측.swift in Sources */,
				C53E2C0B28890C9300631E43 /* 정수제곱근판별.swift in Sources */,
				C53E2BF62886924600631E43 /* main.swift in Sources */,
				C53E2BFB2886951100631E43 /* 행렬의덧셈.swift in Sources */,
				C53E2C15288B1D9D00631E43 /* N10718.swift in Sources */,
				C53E2C3C288B240300631E43 /* N2480.swift in Sources */,
				C53E2C0F288B1BF000631E43 /* 자연수뒤집어배열로만들기.swift in Sources */,
				C53E2BF72886936D00631E43 /* 직사각형별찍기.swift in Sources */,
				C53E2C0528887A8400631E43 /* 최대공약수와최소공배수.swift in Sources */,
				C53E2C34288B22A700631E43 /* N2753.swift in Sources */,
				C599545A2898060400D0D617 /* N2562.swift in Sources */,
				C53E2C2D288B210100631E43 /* N25083.swift in Sources */,
				C59954602898061F00D0D617 /* N1546.swift in Sources */,
				C59954562898057200D0D617 /* N10950.swift in Sources */,
				C53E2C092889050C00631E43 /* 제일작은수제거하기.swift in Sources */,
				C53E2C012887E1AD00631E43 /* 평균구하기.swift in Sources */,
				C53E2C072888C05400631E43 /* 짝수와홀수.swift in Sources */,
				C53E2C13288B1D5A00631E43 /* N2557.swift in Sources */,
				C53E2C8328964BAF00631E43 /* 약수의합.swift in Sources */,
				C599545C2898061100D0D617 /* N2577.swift in Sources */,
				C53E2C32288B221F00631E43 /* N9498.swift in Sources */,
				C53E2C8128960D6700631E43 /* 이상한문자만들기.swift in Sources */,
				C599545E2898061800D0D617 /* N3052.swift in Sources */,
				C53E2C38288B236800631E43 /* N2884.swift in Sources */,
				C5995462289812CB00D0D617 /* 문자열을정수로바꾸기.swift in Sources */,
				C53E2C30288B21C800631E43 /* N1330.swift in Sources */,
				C53E2C19288B1E2400631E43 /* N10172.swift in Sources */,
				C53E2C29288B207200631E43 /* N10430.swift in Sources */,
				C53E2C36288B22EA00631E43 /* N14681.swift in Sources */,
				C53E2C852896523A00631E43 /* 시저암호.swift in Sources */,
				C53E2C27288B202C00631E43 /* N18108.swift in Sources */,
				C53E2C3E288B26AA00631E43 /* 자릿수더하기.swift in Sources */,
				C59954542898051C00D0D617 /* N2739.swift in Sources */,
				C53E2C5F289400AF00631E43 /* N10818.swift in Sources */,
				C53E2C17288B1DEF00631E43 /* N10171.swift in Sources */,
				C53E2C1F288B1EDB00631E43 /* N10998.swift in Sources */,
				C53E2C0D288913B600631E43 /* 내림차순으로배치하기.swift in Sources */,
				C5995464289814C300D0D617 /* 수박수박수.swift in Sources */,
				C53E2BF92886947100631E43 /* x만큼간격이있는n개의숫자.swift in Sources */,
				C53E2C25288B1FD400631E43 /* N10926.swift in Sources */,
			);
			runOnlyForDeploymentPostprocessing = 0;
		};
/* End PBXSourcesBuildPhase section */

/* Begin XCBuildConfiguration section */
		C53E2BEC2886915900631E43 /* Debug */ = {
			isa = XCBuildConfiguration;
			buildSettings = {
				ALWAYS_SEARCH_USER_PATHS = NO;
				CLANG_ANALYZER_NONNULL = YES;
				CLANG_ANALYZER_NUMBER_OBJECT_CONVERSION = YES_AGGRESSIVE;
				CLANG_CXX_LANGUAGE_STANDARD = "gnu++17";
				CLANG_CXX_LIBRARY = "libc++";
				CLANG_ENABLE_MODULES = YES;
				CLANG_ENABLE_OBJC_ARC = YES;
				CLANG_ENABLE_OBJC_WEAK = YES;
				CLANG_WARN_BLOCK_CAPTURE_AUTORELEASING = YES;
				CLANG_WARN_BOOL_CONVERSION = YES;
				CLANG_WARN_COMMA = YES;
				CLANG_WARN_CONSTANT_CONVERSION = YES;
				CLANG_WARN_DEPRECATED_OBJC_IMPLEMENTATIONS = YES;
				CLANG_WARN_DIRECT_OBJC_ISA_USAGE = YES_ERROR;
				CLANG_WARN_DOCUMENTATION_COMMENTS = YES;
				CLANG_WARN_EMPTY_BODY = YES;
				CLANG_WARN_ENUM_CONVERSION = YES;
				CLANG_WARN_INFINITE_RECURSION = YES;
				CLANG_WARN_INT_CONVERSION = YES;
				CLANG_WARN_NON_LITERAL_NULL_CONVERSION = YES;
				CLANG_WARN_OBJC_IMPLICIT_RETAIN_SELF = YES;
				CLANG_WARN_OBJC_LITERAL_CONVERSION = YES;
				CLANG_WARN_OBJC_ROOT_CLASS = YES_ERROR;
				CLANG_WARN_QUOTED_INCLUDE_IN_FRAMEWORK_HEADER = YES;
				CLANG_WARN_RANGE_LOOP_ANALYSIS = YES;
				CLANG_WARN_STRICT_PROTOTYPES = YES;
				CLANG_WARN_SUSPICIOUS_MOVE = YES;
				CLANG_WARN_UNGUARDED_AVAILABILITY = YES_AGGRESSIVE;
				CLANG_WARN_UNREACHABLE_CODE = YES;
				CLANG_WARN__DUPLICATE_METHOD_MATCH = YES;
				COPY_PHASE_STRIP = NO;
				DEBUG_INFORMATION_FORMAT = dwarf;
				ENABLE_STRICT_OBJC_MSGSEND = YES;
				ENABLE_TESTABILITY = YES;
				GCC_C_LANGUAGE_STANDARD = gnu11;
				GCC_DYNAMIC_NO_PIC = NO;
				GCC_NO_COMMON_BLOCKS = YES;
				GCC_OPTIMIZATION_LEVEL = 0;
				GCC_PREPROCESSOR_DEFINITIONS = (
					"DEBUG=1",
					"$(inherited)",
				);
				GCC_WARN_64_TO_32_BIT_CONVERSION = YES;
				GCC_WARN_ABOUT_RETURN_TYPE = YES_ERROR;
				GCC_WARN_UNDECLARED_SELECTOR = YES;
				GCC_WARN_UNINITIALIZED_AUTOS = YES_AGGRESSIVE;
				GCC_WARN_UNUSED_FUNCTION = YES;
				GCC_WARN_UNUSED_VARIABLE = YES;
				MACOSX_DEPLOYMENT_TARGET = 11.6;
				MTL_ENABLE_DEBUG_INFO = INCLUDE_SOURCE;
				MTL_FAST_MATH = YES;
				ONLY_ACTIVE_ARCH = YES;
				SDKROOT = macosx;
				SWIFT_ACTIVE_COMPILATION_CONDITIONS = DEBUG;
				SWIFT_OPTIMIZATION_LEVEL = "-Onone";
			};
			name = Debug;
		};
		C53E2BED2886915900631E43 /* Release */ = {
			isa = XCBuildConfiguration;
			buildSettings = {
				ALWAYS_SEARCH_USER_PATHS = NO;
				CLANG_ANALYZER_NONNULL = YES;
				CLANG_ANALYZER_NUMBER_OBJECT_CONVERSION = YES_AGGRESSIVE;
				CLANG_CXX_LANGUAGE_STANDARD = "gnu++17";
				CLANG_CXX_LIBRARY = "libc++";
				CLANG_ENABLE_MODULES = YES;
				CLANG_ENABLE_OBJC_ARC = YES;
				CLANG_ENABLE_OBJC_WEAK = YES;
				CLANG_WARN_BLOCK_CAPTURE_AUTORELEASING = YES;
				CLANG_WARN_BOOL_CONVERSION = YES;
				CLANG_WARN_COMMA = YES;
				CLANG_WARN_CONSTANT_CONVERSION = YES;
				CLANG_WARN_DEPRECATED_OBJC_IMPLEMENTATIONS = YES;
				CLANG_WARN_DIRECT_OBJC_ISA_USAGE = YES_ERROR;
				CLANG_WARN_DOCUMENTATION_COMMENTS = YES;
				CLANG_WARN_EMPTY_BODY = YES;
				CLANG_WARN_ENUM_CONVERSION = YES;
				CLANG_WARN_INFINITE_RECURSION = YES;
				CLANG_WARN_INT_CONVERSION = YES;
				CLANG_WARN_NON_LITERAL_NULL_CONVERSION = YES;
				CLANG_WARN_OBJC_IMPLICIT_RETAIN_SELF = YES;
				CLANG_WARN_OBJC_LITERAL_CONVERSION = YES;
				CLANG_WARN_OBJC_ROOT_CLASS = YES_ERROR;
				CLANG_WARN_QUOTED_INCLUDE_IN_FRAMEWORK_HEADER = YES;
				CLANG_WARN_RANGE_LOOP_ANALYSIS = YES;
				CLANG_WARN_STRICT_PROTOTYPES = YES;
				CLANG_WARN_SUSPICIOUS_MOVE = YES;
				CLANG_WARN_UNGUARDED_AVAILABILITY = YES_AGGRESSIVE;
				CLANG_WARN_UNREACHABLE_CODE = YES;
				CLANG_WARN__DUPLICATE_METHOD_MATCH = YES;
				COPY_PHASE_STRIP = NO;
				DEBUG_INFORMATION_FORMAT = "dwarf-with-dsym";
				ENABLE_NS_ASSERTIONS = NO;
				ENABLE_STRICT_OBJC_MSGSEND = YES;
				GCC_C_LANGUAGE_STANDARD = gnu11;
				GCC_NO_COMMON_BLOCKS = YES;
				GCC_WARN_64_TO_32_BIT_CONVERSION = YES;
				GCC_WARN_ABOUT_RETURN_TYPE = YES_ERROR;
				GCC_WARN_UNDECLARED_SELECTOR = YES;
				GCC_WARN_UNINITIALIZED_AUTOS = YES_AGGRESSIVE;
				GCC_WARN_UNUSED_FUNCTION = YES;
				GCC_WARN_UNUSED_VARIABLE = YES;
				MACOSX_DEPLOYMENT_TARGET = 11.6;
				MTL_ENABLE_DEBUG_INFO = NO;
				MTL_FAST_MATH = YES;
				SDKROOT = macosx;
				SWIFT_COMPILATION_MODE = wholemodule;
				SWIFT_OPTIMIZATION_LEVEL = "-O";
			};
			name = Release;
		};
		C53E2BEF2886915900631E43 /* Debug */ = {
			isa = XCBuildConfiguration;
			buildSettings = {
				CODE_SIGN_STYLE = Automatic;
				DEVELOPMENT_TEAM = YULBA58FUP;
				ENABLE_HARDENED_RUNTIME = YES;
				PRODUCT_NAME = "$(TARGET_NAME)";
				SWIFT_VERSION = 5.0;
			};
			name = Debug;
		};
		C53E2BF02886915900631E43 /* Release */ = {
			isa = XCBuildConfiguration;
			buildSettings = {
				CODE_SIGN_STYLE = Automatic;
				DEVELOPMENT_TEAM = YULBA58FUP;
				ENABLE_HARDENED_RUNTIME = YES;
				PRODUCT_NAME = "$(TARGET_NAME)";
				SWIFT_VERSION = 5.0;
			};
			name = Release;
		};
/* End XCBuildConfiguration section */

/* Begin XCConfigurationList section */
		C53E2BE22886915900631E43 /* Build configuration list for PBXProject "SwiftAlgorithm" */ = {
			isa = XCConfigurationList;
			buildConfigurations = (
				C53E2BEC2886915900631E43 /* Debug */,
				C53E2BED2886915900631E43 /* Release */,
			);
			defaultConfigurationIsVisible = 0;
			defaultConfigurationName = Release;
		};
		C53E2BEE2886915900631E43 /* Build configuration list for PBXNativeTarget "SwiftAlgorithm" */ = {
			isa = XCConfigurationList;
			buildConfigurations = (
				C53E2BEF2886915900631E43 /* Debug */,
				C53E2BF02886915900631E43 /* Release */,
			);
			defaultConfigurationIsVisible = 0;
			defaultConfigurationName = Release;
		};
/* End XCConfigurationList section */
	};
	rootObject = C53E2BDF2886915900631E43 /* Project object */;
}
